dependencies:
- name: finance-agent-backend
  repository: file://../backend
  version: 0.1.0
- name: finance-agent-frontend
  repository: file://../frontend
  version: 0.1.0
digest: sha256:bc61416070bf052e8d7dde8c23e15a892ea83ef01ecc51a694c51816ae0700d0
generated: "2026-06-17T01:56:34.4808063+05:30"
